<?xml version="1.0" encoding="utf-8"?>
<Project ToolsVersion="4.0" xmlns="http://schemas.microsoft.com/developer/msbuild/2003">
  <ItemGroup>
    <Filter Include="Source Files">
      <UniqueIdentifier>{81a1fa7d-d22e-4463-bbc6-4dd2edb83627}</UniqueIdentifier>
      <Extensions>cpp;c;cxx;rc;def;r;odl;idl;hpj;bat</Extensions>
    </Filter>
    <Filter Include="Header Files">
      <UniqueIdentifier>{9e68f361-81c2-472d-8197-7a09d5b5df87}</UniqueIdentifier>
      <Extensions>h;hpp;hxx;hm;inl</Extensions>
    </Filter>
    <Filter Include="Resource Files">
      <UniqueIdentifier>{1c424535-e2f5-458c-9f05-1ac21d619889}</UniqueIdentifier>
      <Extensions>ico;cur;bmp;dlg;rc2;rct;bin;rgs;gif;jpg;jpeg;jpe</Extensions>
    </Filter>
  </ItemGroup>
  <ItemGroup>
    <ClCompile Include="..\..\nsthread\cslock.c">
      <Filter>Source Files</Filter>
    </ClCompile>
    <ClCompile Include="..\..\nsthread\error.c">
      <Filter>Source Files</Filter>
    </ClCompile>
    <ClCompile Include="..\..\nsthread\master.c">
      <Filter>Source Files</Filter>
    </ClCompile>
    <ClCompile Include="..\..\nsthread\memory.c">
      <Filter>Source Files</Filter>
    </ClCompile>
    <ClCompile Include="..\..\nsthread\mutex.c">
      <Filter>Source Files</Filter>
    </ClCompile>
    <ClCompile Include="..\..\nsthread\reentrant.c">
      <Filter>Source Files</Filter>
    </ClCompile>
    <ClCompile Include="..\..\nsthread\rwlock.c">
      <Filter>Source Files</Filter>
    </ClCompile>
    <ClCompile Include="..\..\nsthread\sema.c">
      <Filter>Source Files</Filter>
    </ClCompile>
    <ClCompile Include="..\..\nsthread\thread.c">
      <Filter>Source Files</Filter>
    </ClCompile>
    <ClCompile Include="..\..\nsthread\time.c">
      <Filter>Source Files</Filter>
    </ClCompile>
    <ClCompile Include="..\..\nsthread\tls.c">
      <Filter>Source Files</Filter>
    </ClCompile>
    <ClCompile Include="..\..\nsthread\winthread.c">
      <Filter>Source Files</Filter>
    </ClCompile>
  </ItemGroup>
  <ItemGroup>
    <ClInclude Include="..\..\include\nsthread.h">
      <Filter>Header Files</Filter>
    </ClInclude>
  </ItemGroup>
</Project>