Microsoft Visual Studio Solution File, Format Version 8.00
Project("{8BC9CEB8-8B4A-11D0-8D11-00A0C91BC942}") = "main", "main\main.vcproj", "{8AE9884C-A4F7-4D16-8EDF-1276CF92ABBE}"
	ProjectSection(ProjectDependencies) = postProject
		{34ED34A3-E2C6-4A8A-8CCB-DCC5FF008BE9} = {34ED34A3-E2C6-4A8A-8CCB-DCC5FF008BE9}
	EndProjectSection
EndProject
Project("{8BC9CEB8-8B4A-11D0-8D11-00A0C91BC942}") = "nscgi", "nscgi\nscgi.vcproj", "{6798BC77-0B76-420C-B8BA-3397DD76F7F9}"
	ProjectSection(ProjectDependencies) = postProject
		{34ED34A3-E2C6-4A8A-8CCB-DCC5FF008BE9} = {34ED34A3-E2C6-4A8A-8CCB-DCC5FF008BE9}
	EndProjectSection
EndProject
Project("{8BC9CEB8-8B4A-11D0-8D11-00A0C91BC942}") = "nscp", "nscp\nscp.vcproj", "{60C1238A-BC2D-4171-B9A5-B5735B041E45}"
	ProjectSection(ProjectDependencies) = postProject
		{34ED34A3-E2C6-4A8A-8CCB-DCC5FF008BE9} = {34ED34A3-E2C6-4A8A-8CCB-DCC5FF008BE9}
	EndProjectSection
EndProject
Project("{8BC9CEB8-8B4A-11D0-8D11-00A0C91BC942}") = "nsd", "nsd\nsd.vcproj", "{34ED34A3-E2C6-4A8A-8CCB-DCC5FF008BE9}"
	ProjectSection(ProjectDependencies) = postProject
		{50368262-BFC7-49B2-B940-8D4752DD0D3E} = {50368262-BFC7-49B2-B940-8D4752DD0D3E}
	EndProjectSection
EndProject
Project("{8BC9CEB8-8B4A-11D0-8D11-00A0C91BC942}") = "nslog", "nslog\nslog.vcproj", "{4F1C3C49-1790-4DF2-9AC5-F2479B522604}"
	ProjectSection(ProjectDependencies) = postProject
		{34ED34A3-E2C6-4A8A-8CCB-DCC5FF008BE9} = {34ED34A3-E2C6-4A8A-8CCB-DCC5FF008BE9}
	EndProjectSection
EndProject
Project("{8BC9CEB8-8B4A-11D0-8D11-00A0C91BC942}") = "nsperm", "nsperm\nsperm.vcproj", "{1D07FBD4-BF94-497F-B4BB-B427D6343DA3}"
	ProjectSection(ProjectDependencies) = postProject
		{34ED34A3-E2C6-4A8A-8CCB-DCC5FF008BE9} = {34ED34A3-E2C6-4A8A-8CCB-DCC5FF008BE9}
	EndProjectSection
EndProject
Project("{8BC9CEB8-8B4A-11D0-8D11-00A0C91BC942}") = "nssock", "nssock\nssock.vcproj", "{F5A0640C-F05F-45E8-94DD-D98386390130}"
	ProjectSection(ProjectDependencies) = postProject
		{34ED34A3-E2C6-4A8A-8CCB-DCC5FF008BE9} = {34ED34A3-E2C6-4A8A-8CCB-DCC5FF008BE9}
	EndProjectSection
EndProject
Project("{8BC9CEB8-8B4A-11D0-8D11-00A0C91BC942}") = "nsthread", "nsthread\nsthread.vcproj", "{50368262-BFC7-49B2-B940-8D4752DD0D3E}"
	ProjectSection(ProjectDependencies) = postProject
	EndProjectSection
EndProject
Global
	GlobalSection(SolutionConfiguration) = preSolution
		Debug = Debug
		Release = Release
	EndGlobalSection
	GlobalSection(ProjectConfiguration) = postSolution
		{8AE9884C-A4F7-4D16-8EDF-1276CF92ABBE}.Debug.ActiveCfg = Debug|Win32
		{8AE9884C-A4F7-4D16-8EDF-1276CF92ABBE}.Debug.Build.0 = Debug|Win32
		{8AE9884C-A4F7-4D16-8EDF-1276CF92ABBE}.Release.ActiveCfg = Release|Win32
		{8AE9884C-A4F7-4D16-8EDF-1276CF92ABBE}.Release.Build.0 = Release|Win32
		{6798BC77-0B76-420C-B8BA-3397DD76F7F9}.Debug.ActiveCfg = Debug|Win32
		{6798BC77-0B76-420C-B8BA-3397DD76F7F9}.Debug.Build.0 = Debug|Win32
		{6798BC77-0B76-420C-B8BA-3397DD76F7F9}.Release.ActiveCfg = Release|Win32
		{6798BC77-0B76-420C-B8BA-3397DD76F7F9}.Release.Build.0 = Release|Win32
		{60C1238A-BC2D-4171-B9A5-B5735B041E45}.Debug.ActiveCfg = Debug|Win32
		{60C1238A-BC2D-4171-B9A5-B5735B041E45}.Debug.Build.0 = Debug|Win32
		{60C1238A-BC2D-4171-B9A5-B5735B041E45}.Release.ActiveCfg = Release|Win32
		{60C1238A-BC2D-4171-B9A5-B5735B041E45}.Release.Build.0 = Release|Win32
		{34ED34A3-E2C6-4A8A-8CCB-DCC5FF008BE9}.Debug.ActiveCfg = Debug|Win32
		{34ED34A3-E2C6-4A8A-8CCB-DCC5FF008BE9}.Debug.Build.0 = Debug|Win32
		{34ED34A3-E2C6-4A8A-8CCB-DCC5FF008BE9}.Release.ActiveCfg = Release|Win32
		{34ED34A3-E2C6-4A8A-8CCB-DCC5FF008BE9}.Release.Build.0 = Release|Win32
		{4F1C3C49-1790-4DF2-9AC5-F2479B522604}.Debug.ActiveCfg = Debug|Win32
		{4F1C3C49-1790-4DF2-9AC5-F2479B522604}.Debug.Build.0 = Debug|Win32
		{4F1C3C49-1790-4DF2-9AC5-F2479B522604}.Release.ActiveCfg = Release|Win32
		{4F1C3C49-1790-4DF2-9AC5-F2479B522604}.Release.Build.0 = Release|Win32
		{1D07FBD4-BF94-497F-B4BB-B427D6343DA3}.Debug.ActiveCfg = Debug|Win32
		{1D07FBD4-BF94-497F-B4BB-B427D6343DA3}.Debug.Build.0 = Debug|Win32
		{1D07FBD4-BF94-497F-B4BB-B427D6343DA3}.Release.ActiveCfg = Release|Win32
		{1D07FBD4-BF94-497F-B4BB-B427D6343DA3}.Release.Build.0 = Release|Win32
		{F5A0640C-F05F-45E8-94DD-D98386390130}.Debug.ActiveCfg = Debug|Win32
		{F5A0640C-F05F-45E8-94DD-D98386390130}.Debug.Build.0 = Debug|Win32
		{F5A0640C-F05F-45E8-94DD-D98386390130}.Release.ActiveCfg = Release|Win32
		{F5A0640C-F05F-45E8-94DD-D98386390130}.Release.Build.0 = Release|Win32
		{50368262-BFC7-49B2-B940-8D4752DD0D3E}.Debug.ActiveCfg = Debug|Win32
		{50368262-BFC7-49B2-B940-8D4752DD0D3E}.Debug.Build.0 = Debug|Win32
		{50368262-BFC7-49B2-B940-8D4752DD0D3E}.Release.ActiveCfg = Release|Win32
		{50368262-BFC7-49B2-B940-8D4752DD0D3E}.Release.Build.0 = Release|Win32
	EndGlobalSection
	GlobalSection(ExtensibilityGlobals) = postSolution
	EndGlobalSection
	GlobalSection(ExtensibilityAddIns) = postSolution
	EndGlobalSection
EndGlobal
