<?xml version="1.0" encoding="utf-8"?>
<Project ToolsVersion="4.0" xmlns="http://schemas.microsoft.com/developer/msbuild/2003">
  <ItemGroup>
    <Filter Include="Source Files">
      <UniqueIdentifier>{58391a9c-9266-4151-97b6-5644d8396902}</UniqueIdentifier>
      <Extensions>cpp;c;cxx;rc;def;r;odl;idl;hpj;bat</Extensions>
    </Filter>
    <Filter Include="Header Files">
      <UniqueIdentifier>{ac0ecc20-8b72-41b3-83a9-d3976deb8a40}</UniqueIdentifier>
      <Extensions>h;hpp;hxx;hm;inl</Extensions>
    </Filter>
    <Filter Include="Resource Files">
      <UniqueIdentifier>{add0316a-4625-491b-be3e-a1bd949e15f0}</UniqueIdentifier>
      <Extensions>ico;cur;bmp;dlg;rc2;rct;bin;rgs;gif;jpg;jpeg;jpe</Extensions>
    </Filter>
  </ItemGroup>
  <ItemGroup>
    <ClCompile Include="..\..\nsd\adpcmds.c">
      <Filter>Source Files</Filter>
    </ClCompile>
    <ClCompile Include="..\..\nsd\adpeval.c">
      <Filter>Source Files</Filter>
    </ClCompile>
    <ClCompile Include="..\..\nsd\adpparse.c">
      <Filter>Source Files</Filter>
    </ClCompile>
    <ClCompile Include="..\..\nsd\adprequest.c">
      <Filter>Source Files</Filter>
    </ClCompile>
    <ClCompile Include="..\..\nsd\auth.c">
      <Filter>Source Files</Filter>
    </ClCompile>
    <ClCompile Include="..\..\nsd\binder.c">
      <Filter>Source Files</Filter>
    </ClCompile>
    <ClCompile Include="..\..\nsd\cache.c">
      <Filter>Source Files</Filter>
    </ClCompile>
    <ClCompile Include="..\..\nsd\callbacks.c">
      <Filter>Source Files</Filter>
    </ClCompile>
    <ClCompile Include="..\..\nsd\cls.c">
      <Filter>Source Files</Filter>
    </ClCompile>
    <ClCompile Include="..\..\nsd\compress.c">
      <Filter>Source Files</Filter>
    </ClCompile>
    <ClCompile Include="..\..\nsd\config.c">
      <Filter>Source Files</Filter>
    </ClCompile>
    <ClCompile Include="..\..\nsd\conn.c">
      <Filter>Source Files</Filter>
    </ClCompile>
    <ClCompile Include="..\..\nsd\connio.c">
      <Filter>Source Files</Filter>
    </ClCompile>
    <ClCompile Include="..\..\nsd\cookies.c">
      <Filter>Source Files</Filter>
    </ClCompile>
    <ClCompile Include="..\..\nsd\crypt.c">
      <Filter>Source Files</Filter>
    </ClCompile>
    <ClCompile Include="..\..\nsd\dns.c">
      <Filter>Source Files</Filter>
    </ClCompile>
    <ClCompile Include="..\..\nsd\driver.c">
      <Filter>Source Files</Filter>
    </ClCompile>
    <ClCompile Include="..\..\nsd\dstring.c">
      <Filter>Source Files</Filter>
    </ClCompile>
    <ClCompile Include="..\..\nsd\encoding.c">
      <Filter>Source Files</Filter>
    </ClCompile>
    <ClCompile Include="..\..\nsd\exec.c">
      <Filter>Source Files</Filter>
    </ClCompile>
    <ClCompile Include="..\..\nsd\fastpath.c">
      <Filter>Source Files</Filter>
    </ClCompile>
    <ClCompile Include="..\..\nsd\fd.c">
      <Filter>Source Files</Filter>
    </ClCompile>
    <ClCompile Include="..\..\nsd\filter.c">
      <Filter>Source Files</Filter>
    </ClCompile>
    <ClCompile Include="..\..\nsd\form.c">
      <Filter>Source Files</Filter>
    </ClCompile>
    <ClCompile Include="..\..\nsd\httptime.c">
      <Filter>Source Files</Filter>
    </ClCompile>
    <ClCompile Include="..\..\nsd\index.c">
      <Filter>Source Files</Filter>
    </ClCompile>
    <ClCompile Include="..\..\nsd\info.c">
      <Filter>Source Files</Filter>
    </ClCompile>
    <ClCompile Include="..\..\nsd\init.c">
      <Filter>Source Files</Filter>
    </ClCompile>
    <ClCompile Include="..\..\nsd\lisp.c">
      <Filter>Source Files</Filter>
    </ClCompile>
    <ClCompile Include="..\..\nsd\listen.c">
      <Filter>Source Files</Filter>
    </ClCompile>
    <ClCompile Include="..\..\nsd\log.c">
      <Filter>Source Files</Filter>
    </ClCompile>
    <ClCompile Include="..\..\nsd\mimetypes.c">
      <Filter>Source Files</Filter>
    </ClCompile>
    <ClCompile Include="..\..\nsd\modload.c">
      <Filter>Source Files</Filter>
    </ClCompile>
    <ClCompile Include="..\..\nsd\nsconf.c">
      <Filter>Source Files</Filter>
    </ClCompile>
    <ClCompile Include="..\..\nsd\nsmain.c">
      <Filter>Source Files</Filter>
    </ClCompile>
    <ClCompile Include="..\..\nsd\nsthread.c">
      <Filter>Source Files</Filter>
    </ClCompile>
    <ClCompile Include="..\..\nsd\nswin32.c">
      <Filter>Source Files</Filter>
    </ClCompile>
    <ClCompile Include="..\..\nsd\op.c">
      <Filter>Source Files</Filter>
    </ClCompile>
    <ClCompile Include="..\..\nsd\pathname.c">
      <Filter>Source Files</Filter>
    </ClCompile>
    <ClCompile Include="..\..\nsd\pidfile.c">
      <Filter>Source Files</Filter>
    </ClCompile>
    <ClCompile Include="..\..\nsd\proc.c">
      <Filter>Source Files</Filter>
    </ClCompile>
    <ClCompile Include="..\..\nsd\queue.c">
      <Filter>Source Files</Filter>
    </ClCompile>
    <ClCompile Include="..\..\nsd\quotehtml.c">
      <Filter>Source Files</Filter>
    </ClCompile>
    <ClCompile Include="..\..\nsd\random.c">
      <Filter>Source Files</Filter>
    </ClCompile>
    <ClCompile Include="..\..\nsd\request.c">
      <Filter>Source Files</Filter>
    </ClCompile>
    <ClCompile Include="..\..\nsd\return.c">
      <Filter>Source Files</Filter>
    </ClCompile>
    <ClCompile Include="..\..\nsd\rollfile.c">
      <Filter>Source Files</Filter>
    </ClCompile>
    <ClCompile Include="..\..\nsd\sched.c">
      <Filter>Source Files</Filter>
    </ClCompile>
    <ClCompile Include="..\..\nsd\server.c">
      <Filter>Source Files</Filter>
    </ClCompile>
    <ClCompile Include="..\..\nsd\set.c">
      <Filter>Source Files</Filter>
    </ClCompile>
    <ClCompile Include="..\..\nsd\sock.c">
      <Filter>Source Files</Filter>
    </ClCompile>
    <ClCompile Include="..\..\nsd\sockcallback.c">
      <Filter>Source Files</Filter>
    </ClCompile>
    <ClCompile Include="..\..\nsd\stamp.c">
      <Filter>Source Files</Filter>
    </ClCompile>
    <ClCompile Include="..\..\nsd\str.c">
      <Filter>Source Files</Filter>
    </ClCompile>
    <ClCompile Include="..\..\nsd\tclcallbacks.c">
      <Filter>Source Files</Filter>
    </ClCompile>
    <ClCompile Include="..\..\nsd\tclcmds.c">
      <Filter>Source Files</Filter>
    </ClCompile>
    <ClCompile Include="..\..\nsd\tclconf.c">
      <Filter>Source Files</Filter>
    </ClCompile>
    <ClCompile Include="..\..\nsd\tclenv.c">
      <Filter>Source Files</Filter>
    </ClCompile>
    <ClCompile Include="..\..\nsd\tclfile.c">
      <Filter>Source Files</Filter>
    </ClCompile>
    <ClCompile Include="..\..\nsd\tclhttp.c">
      <Filter>Source Files</Filter>
    </ClCompile>
    <ClCompile Include="..\..\nsd\tclimg.c">
      <Filter>Source Files</Filter>
    </ClCompile>
    <ClCompile Include="..\..\nsd\tclinit.c">
      <Filter>Source Files</Filter>
    </ClCompile>
    <ClCompile Include="..\..\nsd\tcljob.c">
      <Filter>Source Files</Filter>
    </ClCompile>
    <ClCompile Include="..\..\nsd\tclmisc.c">
      <Filter>Source Files</Filter>
    </ClCompile>
    <ClCompile Include="..\..\nsd\tclobj.c">
      <Filter>Source Files</Filter>
    </ClCompile>
    <ClCompile Include="..\..\nsd\tclobjv.c">
      <Filter>Source Files</Filter>
    </ClCompile>
    <ClCompile Include="..\..\nsd\tclrequest.c">
      <Filter>Source Files</Filter>
    </ClCompile>
    <ClCompile Include="..\..\nsd\tclresp.c">
      <Filter>Source Files</Filter>
    </ClCompile>
    <ClCompile Include="..\..\nsd\tclsched.c">
      <Filter>Source Files</Filter>
    </ClCompile>
    <ClCompile Include="..\..\nsd\tclset.c">
      <Filter>Source Files</Filter>
    </ClCompile>
    <ClCompile Include="..\..\nsd\tclsock.c">
      <Filter>Source Files</Filter>
    </ClCompile>
    <ClCompile Include="..\..\nsd\tclthread.c">
      <Filter>Source Files</Filter>
    </ClCompile>
    <ClCompile Include="..\..\nsd\tclvar.c">
      <Filter>Source Files</Filter>
    </ClCompile>
    <ClCompile Include="..\..\nsd\tclxkeylist.c">
      <Filter>Source Files</Filter>
    </ClCompile>
    <ClCompile Include="..\..\nsd\url.c">
      <Filter>Source Files</Filter>
    </ClCompile>
    <ClCompile Include="..\..\nsd\urlencode.c">
      <Filter>Source Files</Filter>
    </ClCompile>
    <ClCompile Include="..\..\nsd\urlopen.c">
      <Filter>Source Files</Filter>
    </ClCompile>
    <ClCompile Include="..\..\nsd\urlspace.c">
      <Filter>Source Files</Filter>
    </ClCompile>
    <ClCompile Include="..\..\nsd\uuencode.c">
      <Filter>Source Files</Filter>
    </ClCompile>
    <ClCompile Include="..\..\nsd\returnresp.c">
      <Filter>Source Files</Filter>
    </ClCompile>
    <ClCompile Include="..\..\nsd\url2file.c">
      <Filter>Source Files</Filter>
    </ClCompile>
    <ClCompile Include="..\..\nsd\tcltime.c">
      <Filter>Source Files</Filter>
    </ClCompile>
    <ClCompile Include="..\..\nsd\sockfile.c">
      <Filter>Source Files</Filter>
    </ClCompile>
    <ClCompile Include="..\..\nsd\sls.c">
      <Filter>Source Files</Filter>
    </ClCompile>
    <ClCompile Include="..\..\nsd\progress.c">
      <Filter>Source Files</Filter>
    </ClCompile>
    <ClCompile Include="..\..\nsd\limits.c">
      <Filter>Source Files</Filter>
    </ClCompile>
    <ClCompile Include="..\..\nsd\task.c">
      <Filter>Source Files</Filter>
    </ClCompile>
    <ClCompile Include="..\..\nsd\range.c">
      <Filter>Source Files</Filter>
    </ClCompile>
    <ClCompile Include="..\..\nsd\tclcache.c">
      <Filter>Source Files</Filter>
    </ClCompile>
  </ItemGroup>
  <ItemGroup>
    <ClInclude Include="..\..\include\ns.h">
      <Filter>Header Files</Filter>
    </ClInclude>
    <ClInclude Include="..\..\nsd\nsd.h">
      <Filter>Header Files</Filter>
    </ClInclude>
  </ItemGroup>
</Project>